// !$*UTF8*$!
{
	archiveVersion = 1;
	classes = {
	};
	objectVersion = 50;
	objects = {

/* Begin PBXBuildFile section */
		D83C1B69224B9DEC00FE0793 /* AppDelegate.swift in Sources */ = {isa = PBXBuildFile; fileRef = D83C1B68224B9DEC00FE0793 /* AppDelegate.swift */; };
		D83C1B6B224B9DEC00FE0793 /* ViewController.swift in Sources */ = {isa = PBXBuildFile; fileRef = D83C1B6A224B9DEC00FE0793 /* ViewController.swift */; };
		D83C1B6E224B9DEC00FE0793 /* Main.storyboard in Resources */ = {isa = PBXBuildFile; fileRef = D83C1B6C224B9DEC00FE0793 /* Main.storyboard */; };
		D83C1B70224B9DED00FE0793 /* Assets.xcassets in Resources */ = {isa = PBXBuildFile; fileRef = D83C1B6F224B9DED00FE0793 /* Assets.xcassets */; };
		D83C1B73224B9DED00FE0793 /* LaunchScreen.storyboard in Resources */ = {isa = PBXBuildFile; fileRef = D83C1B71224B9DED00FE0793 /* LaunchScreen.storyboard */; };
		D83C1B7E224B9DED00FE0793 /* MyCatsTests.swift in Sources */ = {isa = PBXBuildFile; fileRef = D83C1B7D224B9DED00FE0793 /* MyCatsTests.swift */; };
		D83C1B89224B9DED00FE0793 /* MyCatsUITests.swift in Sources */ = {isa = PBXBuildFile; fileRef = D83C1B88224B9DED00FE0793 /* MyCatsUITests.swift */; };
		D83C1B97224B9E3700FE0793 /* jaxx.png in Resources */ = {isa = PBXBuildFile; fileRef = D83C1B96224B9E3700FE0793 /* jaxx.png */; };
/* End PBXBuildFile section */

/* Begin PBXContainerItemProxy section */
		D83C1B7A224B9DED00FE0793 /* PBXContainerItemProxy */ = {
			isa = PBXContainerItemProxy;
			containerPortal = D83C1B5D224B9DEC00FE0793 /* Project object */;
			proxyType = 1;
			remoteGlobalIDString = D83C1B64224B9DEC00FE0793;
			remoteInfo = MyCats;
		};
		D83C1B85224B9DED00FE0793 /* PBXContainerItemProxy */ = {
			isa = PBXContainerItemProxy;
			containerPortal = D83C1B5D224B9DEC00FE0793 /* Project object */;
			proxyType = 1;
			remoteGlobalIDString = D83C1B64224B9DEC00FE0793;
			remoteInfo = MyCats;
		};
/* End PBXContainerItemProxy section */

/* Begin PBXFileReference section */
		D83C1B65224B9DEC00FE0793 /* MyCats.app */ = {isa = PBXFileReference; explicitFileType = wrapper.application; includeInIndex = 0; path = MyCats.app; sourceTree = BUILT_PRODUCTS_DIR; };
		D83C1B68224B9DEC00FE0793 /* AppDelegate.swift */ = {isa = PBXFileReference; lastKnownFileType = sourcecode.swift; path = AppDelegate.swift; sourceTree = "<group>"; };
		D83C1B6A224B9DEC00FE0793 /* ViewController.swift */ = {isa = PBXFileReference; lastKnownFileType = sourcecode.swift; path = ViewController.swift; sourceTree = "<group>"; };
		D83C1B6D224B9DEC00FE0793 /* Base */ = {isa = PBXFileReference; lastKnownFileType = file.storyboard; name = Base; path = Base.lproj/Main.storyboard; sourceTree = "<group>"; };
		D83C1B6F224B9DED00FE0793 /* Assets.xcassets */ = {isa = PBXFileReference; lastKnownFileType = folder.assetcatalog; path = Assets.xcassets; sourceTree = "<group>"; };
		D83C1B72224B9DED00FE0793 /* Base */ = {isa = PBXFileReference; lastKnownFileType = file.storyboard; name = Base; path = Base.lproj/LaunchScreen.storyboard; sourceTree = "<group>"; };
		D83C1B74224B9DED00FE0793 /* Info.plist */ = {isa = PBXFileReference; lastKnownFileType = text.plist.xml; path = Info.plist; sourceTree = "<group>"; };
		D83C1B79224B9DED00FE0793 /* MyCatsTests.xctest */ = {isa = PBXFileReference; explicitFileType = wrapper.cfbundle; includeInIndex = 0; path = MyCatsTests.xctest; sourceTree = BUILT_PRODUCTS_DIR; };
		D83C1B7D224B9DED00FE0793 /* MyCatsTests.swift */ = {isa = PBXFileReference; lastKnownFileType = sourcecode.swift; path = MyCatsTests.swift; sourceTree = "<group>"; };
		D83C1B7F224B9DED00FE0793 /* Info.plist */ = {isa = PBXFileReference; lastKnownFileType = text.plist.xml; path = Info.plist; sourceTree = "<group>"; };
		D83C1B84224B9DED00FE0793 /* MyCatsUITests.xctest */ = {isa = PBXFileReference; explicitFileType = wrapper.cfbundle; includeInIndex = 0; path = MyCatsUITests.xctest; sourceTree = BUILT_PRODUCTS_DIR; };
		D83C1B88224B9DED00FE0793 /* MyCatsUITests.swift */ = {isa = PBXFileReference; lastKnownFileType = sourcecode.swift; path = MyCatsUITests.swift; sourceTree = "<group>"; };
		D83C1B8A224B9DED00FE0793 /* Info.plist */ = {isa = PBXFileReference; lastKnownFileType = text.plist.xml; path = Info.plist; sourceTree = "<group>"; };
		D83C1B96224B9E3700FE0793 /* jaxx.png */ = {isa = PBXFileReference; lastKnownFileType = image.png; path = jaxx.png; sourceTree = "<group>"; };
/* End PBXFileReference section */

/* Begin PBXFrameworksBuildPhase section */
		D83C1B62224B9DEC00FE0793 /* Frameworks */ = {
			isa = PBXFrameworksBuildPhase;
			buildActionMask = 2147483647;
			files = (
			);
			runOnlyForDeploymentPostprocessing = 0;
		};
		D83C1B76224B9DED00FE0793 /* Frameworks */ = {
			isa = PBXFrameworksBuildPhase;
			buildActionMask = 2147483647;
			files = (
			);
			runOnlyForDeploymentPostprocessing = 0;
		};
		D83C1B81224B9DED00FE0793 /* Frameworks */ = {
			isa = PBXFrameworksBuildPhase;
			buildActionMask = 2147483647;
			files = (
			);
			runOnlyForDeploymentPostprocessing = 0;
		};
/* End PBXFrameworksBuildPhase section */

/* Begin PBXGroup section */
		D83C1B5C224B9DEC00FE0793 = {
			isa = PBXGroup;
			children = (
				D83C1B67224B9DEC00FE0793 /* MyCats */,
				D83C1B7C224B9DED00FE0793 /* MyCatsTests */,
				D83C1B87224B9DED00FE0793 /* MyCatsUITests */,
				D83C1B66224B9DEC00FE0793 /* Products */,
			);
			sourceTree = "<group>";
		};
		D83C1B66224B9DEC00FE0793 /* Products */ = {
			isa = PBXGroup;
			children = (
				D83C1B65224B9DEC00FE0793 /* MyCats.app */,
				D83C1B79224B9DED00FE0793 /* MyCatsTests.xctest */,
				D83C1B84224B9DED00FE0793 /* MyCatsUITests.xctest */,
			);
			name = Products;
			sourceTree = "<group>";
		};
		D83C1B67224B9DEC00FE0793 /* MyCats */ = {
			isa = PBXGroup;
			children = (
				D83C1B68224B9DEC00FE0793 /* AppDelegate.swift */,
				D83C1B6A224B9DEC00FE0793 /* ViewController.swift */,
				D83C1B6C224B9DEC00FE0793 /* Main.storyboard */,
				D83C1B6F224B9DED00FE0793 /* Assets.xcassets */,
				D83C1B71224B9DED00FE0793 /* LaunchScreen.storyboard */,
				D83C1B74224B9DED00FE0793 /* Info.plist */,
				D83C1B96224B9E3700FE0793 /* jaxx.png */,
			);
			path = MyCats;
			sourceTree = "<group>";
		};
		D83C1B7C224B9DED00FE0793 /* MyCatsTests */ = {
			isa = PBXGroup;
			children = (
				D83C1B7D224B9DED00FE0793 /* MyCatsTests.swift */,
				D83C1B7F224B9DED00FE0793 /* Info.plist */,
			);
			path = MyCatsTests;
			sourceTree = "<group>";
		};
		D83C1B87224B9DED00FE0793 /* MyCatsUITests */ = {
			isa = PBXGroup;
			children = (
				D83C1B88224B9DED00FE0793 /* MyCatsUITests.swift */,
				D83C1B8A224B9DED00FE0793 /* Info.plist */,
			);
			path = MyCatsUITests;
			sourceTree = "<group>";
		};
/* End PBXGroup section */

/* Begin PBXNativeTarget section */
		D83C1B64224B9DEC00FE0793 /* MyCats */ = {
			isa = PBXNativeTarget;
			buildConfigurationList = D83C1B8D224B9DED00FE0793 /* Build configuration list for PBXNativeTarget "MyCats" */;
			buildPhases = (
				D83C1B61224B9DEC00FE0793 /* Sources */,
				D83C1B62224B9DEC00FE0793 /* Frameworks */,
				D83C1B63224B9DEC00FE0793 /* Resources */,
			);
			buildRules = (
			);
			dependencies = (
			);
			name = MyCats;
			productName = MyCats;
			productReference = D83C1B65224B9DEC00FE0793 /* MyCats.app */;
			productType = "com.apple.product-type.application";
		};
		D83C1B78224B9DED00FE0793 /* MyCatsTests */ = {
			isa = PBXNativeTarget;
			buildConfigurationList = D83C1B90224B9DED00FE0793 /* Build configuration list for PBXNativeTarget "MyCatsTests" */;
			buildPhases = (
				D83C1B75224B9DED00FE0793 /* Sources */,
				D83C1B76224B9DED00FE0793 /* Frameworks */,
				D83C1B77224B9DED00FE0793 /* Resources */,
			);
			buildRules = (
			);
			dependencies = (
				D83C1B7B224B9DED00FE0793 /* PBXTargetDependency */,
			);
			name = MyCatsTests;
			productName = MyCatsTests;
			productReference = D83C1B79224B9DED00FE0793 /* MyCatsTests.xctest */;
			productType = "com.apple.product-type.bundle.unit-test";
		};
		D83C1B83224B9DED00FE0793 /* MyCatsUITests */ = {
			isa = PBXNativeTarget;
			buildConfigurationList = D83C1B93224B9DED00FE0793 /* Build configuration list for PBXNativeTarget "MyCatsUITests" */;
			buildPhases = (
				D83C1B80224B9DED00FE0793 /* Sources */,
				D83C1B81224B9DED00FE0793 /* Frameworks */,
				D83C1B82224B9DED00FE0793 /* Resources */,
			);
			buildRules = (
			);
			dependencies = (
				D83C1B86224B9DED00FE0793 /* PBXTargetDependency */,
			);
			name = MyCatsUITests;
			productName = MyCatsUITests;
			productReference = D83C1B84224B9DED00FE0793 /* MyCatsUITests.xctest */;
			productType = "com.apple.product-type.bundle.ui-testing";
		};
/* End PBXNativeTarget section */

/* Begin PBXProject section */
		D83C1B5D224B9DEC00FE0793 /* Project object */ = {
			isa = PBXProject;
			attributes = {
				LastSwiftUpdateCheck = 1010;
				LastUpgradeCheck = 1010;
				ORGANIZATIONNAME = "Seaman, Jeffrey";
				TargetAttributes = {
					D83C1B64224B9DEC00FE0793 = {
						CreatedOnToolsVersion = 10.1;
					};
					D83C1B78224B9DED00FE0793 = {
						CreatedOnToolsVersion = 10.1;
						TestTargetID = D83C1B64224B9DEC00FE0793;
					};
					D83C1B83224B9DED00FE0793 = {
						CreatedOnToolsVersion = 10.1;
						TestTargetID = D83C1B64224B9DEC00FE0793;
					};
				};
			};
			buildConfigurationList = D83C1B60224B9DEC00FE0793 /* Build configuration list for PBXProject "MyCats" */;
			compatibilityVersion = "Xcode 9.3";
			developmentRegion = en;
			hasScannedForEncodings = 0;
			knownRegions = (
				en,
				Base,
			);
			mainGroup = D83C1B5C224B9DEC00FE0793;
			productRefGroup = D83C1B66224B9DEC00FE0793 /* Products */;
			projectDirPath = "";
			projectRoot = "";
			targets = (
				D83C1B64224B9DEC00FE0793 /* MyCats */,
				D83C1B78224B9DED00FE0793 /* MyCatsTests */,
				D83C1B83224B9DED00FE0793 /* MyCatsUITests */,
			);
		};
/* End PBXProject section */

/* Begin PBXResourcesBuildPhase section */
		D83C1B63224B9DEC00FE0793 /* Resources */ = {
			isa = PBXResourcesBuildPhase;
			buildActionMask = 2147483647;
			files = (
				D83C1B73224B9DED00FE0793 /* LaunchScreen.storyboard in Resources */,
				D83C1B70224B9DED00FE0793 /* Assets.xcassets in Resources */,
				D83C1B97224B9E3700FE0793 /* jaxx.png in Resources */,
				D83C1B6E224B9DEC00FE0793 /* Main.storyboard in Resources */,
			);
			runOnlyForDeploymentPostprocessing = 0;
		};
		D83C1B77224B9DED00FE0793 /* Resources */ = {
			isa = PBXResourcesBuildPhase;
			buildActionMask = 2147483647;
			files = (
			);
			runOnlyForDeploymentPostprocessing = 0;
		};
		D83C1B82224B9DED00FE0793 /* Resources */ = {
			isa = PBXResourcesBuildPhase;
			buildActionMask = 2147483647;
			files = (
			);
			runOnlyForDeploymentPostprocessing = 0;
		};
/* End PBXResourcesBuildPhase section */

/* Begin PBXSourcesBuildPhase section */
		D83C1B61224B9DEC00FE0793 /* Sources */ = {
			isa = PBXSourcesBuildPhase;
			buildActionMask = 2147483647;
			files = (
				D83C1B6B224B9DEC00FE0793 /* ViewController.swift in Sources */,
				D83C1B69224B9DEC00FE0793 /* AppDelegate.swift in Sources */,
			);
			runOnlyForDeploymentPostprocessing = 0;
		};
		D83C1B75224B9DED00FE0793 /* Sources */ = {
			isa = PBXSourcesBuildPhase;
			buildActionMask = 2147483647;
			files = (
				D83C1B7E224B9DED00FE0793 /* MyCatsTests.swift in Sources */,
			);
			runOnlyForDeploymentPostprocessing = 0;
		};
		D83C1B80224B9DED00FE0793 /* Sources */ = {
			isa = PBXSourcesBuildPhase;
			buildActionMask = 2147483647;
			files = (
				D83C1B89224B9DED00FE0793 /* MyCatsUITests.swift in Sources */,
			);
			runOnlyForDeploymentPostprocessing = 0;
		};
/* End PBXSourcesBuildPhase section */

/* Begin PBXTargetDependency section */
		D83C1B7B224B9DED00FE0793 /* PBXTargetDependency */ = {
			isa = PBXTargetDependency;
			target = D83C1B64224B9DEC00FE0793 /* MyCats */;
			targetProxy = D83C1B7A224B9DED00FE0793 /* PBXContainerItemProxy */;
		};
		D83C1B86224B9DED00FE0793 /* PBXTargetDependency */ = {
			isa = PBXTargetDependency;
			target = D83C1B64224B9DEC00FE0793 /* MyCats */;
			targetProxy = D83C1B85224B9DED00FE0793 /* PBXContainerItemProxy */;
		};
/* End PBXTargetDependency section */

/* Begin PBXVariantGroup section */
		D83C1B6C224B9DEC00FE0793 /* Main.storyboard */ = {
			isa = PBXVariantGroup;
			children = (
				D83C1B6D224B9DEC00FE0793 /* Base */,
			);
			name = Main.storyboard;
			sourceTree = "<group>";
		};
		D83C1B71224B9DED00FE0793 /* LaunchScreen.storyboard */ = {
			isa = PBXVariantGroup;
			children = (
				D83C1B72224B9DED00FE0793 /* Base */,
			);
			name = LaunchScreen.storyboard;
			sourceTree = "<group>";
		};
/* End PBXVariantGroup section */

/* Begin XCBuildConfiguration section */
		D83C1B8B224B9DED00FE0793 /* Debug */ = {
			isa = XCBuildConfiguration;
			buildSettings = {
				ALWAYS_SEARCH_USER_PATHS = NO;
				CLANG_ANALYZER_NONNULL = YES;
				CLANG_ANALYZER_NUMBER_OBJECT_CONVERSION = YES_AGGRESSIVE;
				CLANG_CXX_LANGUAGE_STANDARD = "gnu++14";
				CLANG_CXX_LIBRARY = "libc++";
				CLANG_ENABLE_MODULES = YES;
				CLANG_ENABLE_OBJC_ARC = YES;
				CLANG_ENABLE_OBJC_WEAK = YES;
				CLANG_WARN_BLOCK_CAPTURE_AUTORELEASING = YES;
				CLANG_WARN_BOOL_CONVERSION = YES;
				CLANG_WARN_COMMA = YES;
				CLANG_WARN_CONSTANT_CONVERSION = YES;
				CLANG_WARN_DEPRECATED_OBJC_IMPLEMENTATIONS = YES;
				CLANG_WARN_DIRECT_OBJC_ISA_USAGE = YES_ERROR;
				CLANG_WARN_DOCUMENTATION_COMMENTS = YES;
				CLANG_WARN_EMPTY_BODY = YES;
				CLANG_WARN_ENUM_CONVERSION = YES;
				CLANG_WARN_INFINITE_RECURSION = YES;
				CLANG_WARN_INT_CONVERSION = YES;
				CLANG_WARN_NON_LITERAL_NULL_CONVERSION = YES;
				CLANG_WARN_OBJC_IMPLICIT_RETAIN_SELF = YES;
				CLANG_WARN_OBJC_LITERAL_CONVERSION = YES;
				CLANG_WARN_OBJC_ROOT_CLASS = YES_ERROR;
				CLANG_WARN_RANGE_LOOP_ANALYSIS = YES;
				CLANG_WARN_STRICT_PROTOTYPES = YES;
				CLANG_WARN_SUSPICIOUS_MOVE = YES;
				CLANG_WARN_UNGUARDED_AVAILABILITY = YES_AGGRESSIVE;
				CLANG_WARN_UNREACHABLE_CODE = YES;
				CLANG_WARN__DUPLICATE_METHOD_MATCH = YES;
				CODE_SIGN_IDENTITY = "iPhone Developer";
				COPY_PHASE_STRIP = NO;
				DEBUG_INFORMATION_FORMAT = dwarf;
				ENABLE_STRICT_OBJC_MSGSEND = YES;
				ENABLE_TESTABILITY = YES;
				GCC_C_LANGUAGE_STANDARD = gnu11;
				GCC_DYNAMIC_NO_PIC = NO;
				GCC_NO_COMMON_BLOCKS = YES;
				GCC_OPTIMIZATION_LEVEL = 0;
				GCC_PREPROCESSOR_DEFINITIONS = (
					"DEBUG=1",
					"$(inherited)",
				);
				GCC_WARN_64_TO_32_BIT_CONVERSION = YES;
				GCC_WARN_ABOUT_RETURN_TYPE = YES_ERROR;
				GCC_WARN_UNDECLARED_SELECTOR = YES;
				GCC_WARN_UNINITIALIZED_AUTOS = YES_AGGRESSIVE;
				GCC_WARN_UNUSED_FUNCTION = YES;
				GCC_WARN_UNUSED_VARIABLE = YES;
				IPHONEOS_DEPLOYMENT_TARGET = 12.1;
				MTL_ENABLE_DEBUG_INFO = INCLUDE_SOURCE;
				MTL_FAST_MATH = YES;
				ONLY_ACTIVE_ARCH = YES;
				SDKROOT = iphoneos;
				SWIFT_ACTIVE_COMPILATION_CONDITIONS = DEBUG;
				SWIFT_OPTIMIZATION_LEVEL = "-Onone";
			};
			name = Debug;
		};
		D83C1B8C224B9DED00FE0793 /* Release */ = {
			isa = XCBuildConfiguration;
			buildSettings = {
				ALWAYS_SEARCH_USER_PATHS = NO;
				CLANG_ANALYZER_NONNULL = YES;
				CLANG_ANALYZER_NUMBER_OBJECT_CONVERSION = YES_AGGRESSIVE;
				CLANG_CXX_LANGUAGE_STANDARD = "gnu++14";
				CLANG_CXX_LIBRARY = "libc++";
				CLANG_ENABLE_MODULES = YES;
				CLANG_ENABLE_OBJC_ARC = YES;
				CLANG_ENABLE_OBJC_WEAK = YES;
				CLANG_WARN_BLOCK_CAPTURE_AUTORELEASING = YES;
				CLANG_WARN_BOOL_CONVERSION = YES;
				CLANG_WARN_COMMA = YES;
				CLANG_WARN_CONSTANT_CONVERSION = YES;
				CLANG_WARN_DEPRECATED_OBJC_IMPLEMENTATIONS = YES;
				CLANG_WARN_DIRECT_OBJC_ISA_USAGE = YES_ERROR;
				CLANG_WARN_DOCUMENTATION_COMMENTS = YES;
				CLANG_WARN_EMPTY_BODY = YES;
				CLANG_WARN_ENUM_CONVERSION = YES;
				CLANG_WARN_INFINITE_RECURSION = YES;
				CLANG_WARN_INT_CONVERSION = YES;
				CLANG_WARN_NON_LITERAL_NULL_CONVERSION = YES;
				CLANG_WARN_OBJC_IMPLICIT_RETAIN_SELF = YES;
				CLANG_WARN_OBJC_LITERAL_CONVERSION = YES;
				CLANG_WARN_OBJC_ROOT_CLASS = YES_ERROR;
				CLANG_WARN_RANGE_LOOP_ANALYSIS = YES;
				CLANG_WARN_STRICT_PROTOTYPES = YES;
				CLANG_WARN_SUSPICIOUS_MOVE = YES;
				CLANG_WARN_UNGUARDED_AVAILABILITY = YES_AGGRESSIVE;
				CLANG_WARN_UNREACHABLE_CODE = YES;
				CLANG_WARN__DUPLICATE_METHOD_MATCH = YES;
				CODE_SIGN_IDENTITY = "iPhone Developer";
				COPY_PHASE_STRIP = NO;
				DEBUG_INFORMATION_FORMAT = "dwarf-with-dsym";
				ENABLE_NS_ASSERTIONS = NO;
				ENABLE_STRICT_OBJC_MSGSEND = YES;
				GCC_C_LANGUAGE_STANDARD = gnu11;
				GCC_NO_COMMON_BLOCKS = YES;
				GCC_WARN_64_TO_32_BIT_CONVERSION = YES;
				GCC_WARN_ABOUT_RETURN_TYPE = YES_ERROR;
				GCC_WARN_UNDECLARED_SELECTOR = YES;
				GCC_WARN_UNINITIALIZED_AUTOS = YES_AGGRESSIVE;
				GCC_WARN_UNUSED_FUNCTION = YES;
				GCC_WARN_UNUSED_VARIABLE = YES;
				IPHONEOS_DEPLOYMENT_TARGET = 12.1;
				MTL_ENABLE_DEBUG_INFO = NO;
				MTL_FAST_MATH = YES;
				SDKROOT = iphoneos;
				SWIFT_COMPILATION_MODE = wholemodule;
				SWIFT_OPTIMIZATION_LEVEL = "-O";
				VALIDATE_PRODUCT = YES;
			};
			name = Release;
		};
		D83C1B8E224B9DED00FE0793 /* Debug */ = {
			isa = XCBuildConfiguration;
			buildSettings = {
				ASSETCATALOG_COMPILER_APPICON_NAME = AppIcon;
				CODE_SIGN_STYLE = Automatic;
				DEVELOPMENT_TEAM = L8MVQTBLW9;
				INFOPLIST_FILE = MyCats/Info.plist;
				LD_RUNPATH_SEARCH_PATHS = (
					"$(inherited)",
					"@executable_path/Frameworks",
				);
				PRODUCT_BUNDLE_IDENTIFIER = com.ppu.MyCats;
				PRODUCT_NAME = "$(TARGET_NAME)";
				SWIFT_VERSION = 4.2;
				TARGETED_DEVICE_FAMILY = "1,2";
			};
			name = Debug;
		};
		D83C1B8F224B9DED00FE0793 /* Release */ = {
			isa = XCBuildConfiguration;
			buildSettings = {
				ASSETCATALOG_COMPILER_APPICON_NAME = AppIcon;
				CODE_SIGN_STYLE = Automatic;
				DEVELOPMENT_TEAM = L8MVQTBLW9;
				INFOPLIST_FILE = MyCats/Info.plist;
				LD_RUNPATH_SEARCH_PATHS = (
					"$(inherited)",
					"@executable_path/Frameworks",
				);
				PRODUCT_BUNDLE_IDENTIFIER = com.ppu.MyCats;
				PRODUCT_NAME = "$(TARGET_NAME)";
				SWIFT_VERSION = 4.2;
				TARGETED_DEVICE_FAMILY = "1,2";
			};
			name = Release;
		};
		D83C1B91224B9DED00FE0793 /* Debug */ = {
			isa = XCBuildConfiguration;
			buildSettings = {
				ALWAYS_EMBED_SWIFT_STANDARD_LIBRARIES = YES;
				BUNDLE_LOADER = "$(TEST_HOST)";
				CODE_SIGN_STYLE = Automatic;
				DEVELOPMENT_TEAM = L8MVQTBLW9;
				INFOPLIST_FILE = MyCatsTests/Info.plist;
				LD_RUNPATH_SEARCH_PATHS = (
					"$(inherited)",
					"@executable_path/Frameworks",
					"@loader_path/Frameworks",
				);
				PRODUCT_BUNDLE_IDENTIFIER = com.ppu.MyCatsTests;
				PRODUCT_NAME = "$(TARGET_NAME)";
				SWIFT_VERSION = 4.2;
				TARGETED_DEVICE_FAMILY = "1,2";
				TEST_HOST = "$(BUILT_PRODUCTS_DIR)/MyCats.app/MyCats";
			};
			name = Debug;
		};
		D83C1B92224B9DED00FE0793 /* Release */ = {
			isa = XCBuildConfiguration;
			buildSettings = {
				ALWAYS_EMBED_SWIFT_STANDARD_LIBRARIES = YES;
				BUNDLE_LOADER = "$(TEST_HOST)";
				CODE_SIGN_STYLE = Automatic;
				DEVELOPMENT_TEAM = L8MVQTBLW9;
				INFOPLIST_FILE = MyCatsTests/Info.plist;
				LD_RUNPATH_SEARCH_PATHS = (
					"$(inherited)",
					"@executable_path/Frameworks",
					"@loader_path/Frameworks",
				);
				PRODUCT_BUNDLE_IDENTIFIER = com.ppu.MyCatsTests;
				PRODUCT_NAME = "$(TARGET_NAME)";
				SWIFT_VERSION = 4.2;
				TARGETED_DEVICE_FAMILY = "1,2";
				TEST_HOST = "$(BUILT_PRODUCTS_DIR)/MyCats.app/MyCats";
			};
			name = Release;
		};
		D83C1B94224B9DED00FE0793 /* Debug */ = {
			isa = XCBuildConfiguration;
			buildSettings = {
				ALWAYS_EMBED_SWIFT_STANDARD_LIBRARIES = YES;
				CODE_SIGN_STYLE = Automatic;
				DEVELOPMENT_TEAM = L8MVQTBLW9;
				INFOPLIST_FILE = MyCatsUITests/Info.plist;
				LD_RUNPATH_SEARCH_PATHS = (
					"$(inherited)",
					"@executable_path/Frameworks",
					"@loader_path/Frameworks",
				);
				PRODUCT_BUNDLE_IDENTIFIER = com.ppu.MyCatsUITests;
				PRODUCT_NAME = "$(TARGET_NAME)";
				SWIFT_VERSION = 4.2;
				TARGETED_DEVICE_FAMILY = "1,2";
				TEST_TARGET_NAME = MyCats;
			};
			name = Debug;
		};
		D83C1B95224B9DED00FE0793 /* Release */ = {
			isa = XCBuildConfiguration;
			buildSettings = {
				ALWAYS_EMBED_SWIFT_STANDARD_LIBRARIES = YES;
				CODE_SIGN_STYLE = Automatic;
				DEVELOPMENT_TEAM = L8MVQTBLW9;
				INFOPLIST_FILE = MyCatsUITests/Info.plist;
				LD_RUNPATH_SEARCH_PATHS = (
					"$(inherited)",
					"@executable_path/Frameworks",
					"@loader_path/Frameworks",
				);
				PRODUCT_BUNDLE_IDENTIFIER = com.ppu.MyCatsUITests;
				PRODUCT_NAME = "$(TARGET_NAME)";
				SWIFT_VERSION = 4.2;
				TARGETED_DEVICE_FAMILY = "1,2";
				TEST_TARGET_NAME = MyCats;
			};
			name = Release;
		};
/* End XCBuildConfiguration section */

/* Begin XCConfigurationList section */
		D83C1B60224B9DEC00FE0793 /* Build configuration list for PBXProject "MyCats" */ = {
			isa = XCConfigurationList;
			buildConfigurations = (
				D83C1B8B224B9DED00FE0793 /* Debug */,
				D83C1B8C224B9DED00FE0793 /* Release */,
			);
			defaultConfigurationIsVisible = 0;
			defaultConfigurationName = Release;
		};
		D83C1B8D224B9DED00FE0793 /* Build configuration list for PBXNativeTarget "MyCats" */ = {
			isa = XCConfigurationList;
			buildConfigurations = (
				D83C1B8E224B9DED00FE0793 /* Debug */,
				D83C1B8F224B9DED00FE0793 /* Release */,
			);
			defaultConfigurationIsVisible = 0;
			defaultConfigurationName = Release;
		};
		D83C1B90224B9DED00FE0793 /* Build configuration list for PBXNativeTarget "MyCatsTests" */ = {
			isa = XCConfigurationList;
			buildConfigurations = (
				D83C1B91224B9DED00FE0793 /* Debug */,
				D83C1B92224B9DED00FE0793 /* Release */,
			);
			defaultConfigurationIsVisible = 0;
			defaultConfigurationName = Release;
		};
		D83C1B93224B9DED00FE0793 /* Build configuration list for PBXNativeTarget "MyCatsUITests" */ = {
			isa = XCConfigurationList;
			buildConfigurations = (
				D83C1B94224B9DED00FE0793 /* Debug */,
				D83C1B95224B9DED00FE0793 /* Release */,
			);
			defaultConfigurationIsVisible = 0;
			defaultConfigurationName = Release;
		};
/* End XCConfigurationList section */
	};
	rootObject = D83C1B5D224B9DEC00FE0793 /* Project object */;
}
